
Microsoft Visual Studio Solution File, Format Version 12.00
# Visual Studio Version 17
VisualStudioVersion = 17.12.35527.113
MinimumVisualStudioVersion = 10.0.40219.1
Project("{FAE04EC0-301F-11D3-BF4B-00C04F79EFBC}") = "ForeignerOfUniverse", "ForeignerOfUniverse\ForeignerOfUniverse.csproj", "{781DFD03-2F30-492E-A5B9-75670BA5ADA2}"
EndProject
Project("{2150E333-8FDC-42A3-9474-1A3956D46DE8}") = "Soluton Items", "Soluton Items", "{FD7127AE-2607-4598-AE62-2BFA190C15CE}"
	ProjectSection(SolutionItems) = preProject
		..\.gitignore = ..\.gitignore
		..\About\About.xml = ..\About\About.xml
		..\README.md = ..\README.md
		SAVEFIXEN.md = SAVEFIXEN.md
		SAVEFIXZH.md = SAVEFIXZH.md
	EndProjectSection
EndProject
Project("{FAE04EC0-301F-11D3-BF4B-00C04F79EFBC}") = "ForeignerOfUniverse.Vehicles", "ForeignerOfUniverse.Vehicles\ForeignerOfUniverse.Vehicles.csproj", "{855812E1-4547-44AB-A91E-282C456CFB10}"
EndProject
Global
	GlobalSection(SolutionConfigurationPlatforms) = preSolution
		Debug|Any CPU = Debug|Any CPU
		Release|Any CPU = Release|Any CPU
	EndGlobalSection
	GlobalSection(ProjectConfigurationPlatforms) = postSolution
		{781DFD03-2F30-492E-A5B9-75670BA5ADA2}.Debug|Any CPU.ActiveCfg = Debug|Any CPU
		{781DFD03-2F30-492E-A5B9-75670BA5ADA2}.Debug|Any CPU.Build.0 = Debug|Any CPU
		{781DFD03-2F30-492E-A5B9-75670BA5ADA2}.Release|Any CPU.ActiveCfg = Release|Any CPU
		{781DFD03-2F30-492E-A5B9-75670BA5ADA2}.Release|Any CPU.Build.0 = Release|Any CPU
		{855812E1-4547-44AB-A91E-282C456CFB10}.Debug|Any CPU.ActiveCfg = Debug|Any CPU
		{855812E1-4547-44AB-A91E-282C456CFB10}.Debug|Any CPU.Build.0 = Debug|Any CPU
		{855812E1-4547-44AB-A91E-282C456CFB10}.Release|Any CPU.ActiveCfg = Release|Any CPU
		{855812E1-4547-44AB-A91E-282C456CFB10}.Release|Any CPU.Build.0 = Release|Any CPU
	EndGlobalSection
	GlobalSection(SolutionProperties) = preSolution
		HideSolutionNode = FALSE
	EndGlobalSection
	GlobalSection(ExtensibilityGlobals) = postSolution
		SolutionGuid = {E56A619D-4FBE-4A97-A9B8-50D8B4E55EE2}
	EndGlobalSection
EndGlobal
